
Microsoft Visual Studio Solution File, Format Version 12.00
# Visual Studio Version 17
VisualStudioVersion = 17.9.34622.214
MinimumVisualStudioVersion = 10.0.40219.1
Project("{9A19103F-16F7-4668-BE54-9A1E7A4F7556}") = "CalculadoraAvanzada", "CalculadoraAvanzada.csproj", "{0F40485F-E1DD-440D-9389-887C9E2E4047}"
EndProject
Global
	GlobalSection(SolutionConfigurationPlatforms) = preSolution
		Debug|Any CPU = Debug|Any CPU
		Release|Any CPU = Release|Any CPU
	EndGlobalSection
	GlobalSection(ProjectConfigurationPlatforms) = postSolution
		{0F40485F-E1DD-440D-9389-887C9E2E4047}.Debug|Any CPU.ActiveCfg = Debug|Any CPU
		{0F40485F-E1DD-440D-9389-887C9E2E4047}.Debug|Any CPU.Build.0 = Debug|Any CPU
		{0F40485F-E1DD-440D-9389-887C9E2E4047}.Release|Any CPU.ActiveCfg = Release|Any CPU
		{0F40485F-E1DD-440D-9389-887C9E2E4047}.Release|Any CPU.Build.0 = Release|Any CPU
	EndGlobalSection
	GlobalSection(SolutionProperties) = preSolution
		HideSolutionNode = FALSE
	EndGlobalSection
	GlobalSection(ExtensibilityGlobals) = postSolution
		SolutionGuid = {F6D12A76-19C5-492C-8FB0-16D06BF20F1C}
	EndGlobalSection
EndGlobal
